
Microsoft Visual Studio Solution File, Format Version 12.00
# Visual Studio Version 16
VisualStudioVersion = 25.0.1706.1
MinimumVisualStudioVersion = 10.0.40219.1
Project("{FAE04EC0-301F-11D3-BF4B-00C04F79EFBC}") = "MvcMovie", "MvcMovie\MvcMovie.csproj", "{DAD831F9-B9DF-4BB5-B2A7-2C1B4585027C}"
EndProject
Global
	GlobalSection(SolutionConfigurationPlatforms) = preSolution
		Debug|Any CPU = Debug|Any CPU
		Release|Any CPU = Release|Any CPU
	EndGlobalSection
	GlobalSection(ProjectConfigurationPlatforms) = postSolution
		{DAD831F9-B9DF-4BB5-B2A7-2C1B4585027C}.Debug|Any CPU.ActiveCfg = Debug|Any CPU
		{DAD831F9-B9DF-4BB5-B2A7-2C1B4585027C}.Debug|Any CPU.Build.0 = Debug|Any CPU
		{DAD831F9-B9DF-4BB5-B2A7-2C1B4585027C}.Release|Any CPU.ActiveCfg = Release|Any CPU
		{DAD831F9-B9DF-4BB5-B2A7-2C1B4585027C}.Release|Any CPU.Build.0 = Release|Any CPU
	EndGlobalSection
	GlobalSection(SolutionProperties) = preSolution
		HideSolutionNode = FALSE
	EndGlobalSection
	GlobalSection(ExtensibilityGlobals) = postSolution
		SolutionGuid = {3640EA10-34CD-451D-9ADB-707FD2AE7926}
	EndGlobalSection
EndGlobal
